
Microsoft Visual Studio Solution File, Format Version 12.00
# Visual Studio Version 17
VisualStudioVersion = 17.0.32014.148
MinimumVisualStudioVersion = 10.0.40219.1
Project("{FAE04EC0-301F-11D3-BF4B-00C04F79EFBC}") = "arbol BST", "arbol BST\arbol BST.csproj", "{162D35C6-0F76-4482-983C-0F9417925452}"
EndProject
Global
	GlobalSection(SolutionConfigurationPlatforms) = preSolution
		Debug|Any CPU = Debug|Any CPU
		Release|Any CPU = Release|Any CPU
	EndGlobalSection
	GlobalSection(ProjectConfigurationPlatforms) = postSolution
		{162D35C6-0F76-4482-983C-0F9417925452}.Debug|Any CPU.ActiveCfg = Debug|Any CPU
		{162D35C6-0F76-4482-983C-0F9417925452}.Debug|Any CPU.Build.0 = Debug|Any CPU
		{162D35C6-0F76-4482-983C-0F9417925452}.Release|Any CPU.ActiveCfg = Release|Any CPU
		{162D35C6-0F76-4482-983C-0F9417925452}.Release|Any CPU.Build.0 = Release|Any CPU
	EndGlobalSection
	GlobalSection(SolutionProperties) = preSolution
		HideSolutionNode = FALSE
	EndGlobalSection
	GlobalSection(ExtensibilityGlobals) = postSolution
		SolutionGuid = {85915F3F-1345-4E98-9567-EEECC73A1583}
	EndGlobalSection
EndGlobal
